
Microsoft Visual Studio Solution File, Format Version 12.00
# Visual Studio 15
VisualStudioVersion = 15.0.27004.2002
MinimumVisualStudioVersion = 10.0.40219.1
Project("{FAE04EC0-301F-11D3-BF4B-00C04F79EFBC}") = "DevOpsGitExample", "DevOpsGitExample\DevOpsGitExample.csproj", "{8CAFD533-FB4A-4965-890E-1B0B5A79BD0F}"
EndProject
Global
	GlobalSection(SolutionConfigurationPlatforms) = preSolution
		Debug|Any CPU = Debug|Any CPU
		Release|Any CPU = Release|Any CPU
	EndGlobalSection
	GlobalSection(ProjectConfigurationPlatforms) = postSolution
		{8CAFD533-FB4A-4965-890E-1B0B5A79BD0F}.Debug|Any CPU.ActiveCfg = Debug|Any CPU
		{8CAFD533-FB4A-4965-890E-1B0B5A79BD0F}.Debug|Any CPU.Build.0 = Debug|Any CPU
		{8CAFD533-FB4A-4965-890E-1B0B5A79BD0F}.Release|Any CPU.ActiveCfg = Release|Any CPU
		{8CAFD533-FB4A-4965-890E-1B0B5A79BD0F}.Release|Any CPU.Build.0 = Release|Any CPU
	EndGlobalSection
	GlobalSection(SolutionProperties) = preSolution
		HideSolutionNode = FALSE
	EndGlobalSection
	GlobalSection(ExtensibilityGlobals) = postSolution
		SolutionGuid = {B5711576-6BF0-4FA3-B109-E5195313242F}
	EndGlobalSection
EndGlobal
